# This file is automatically @generated by Poetry and should not be changed by hand.

[[package]]
name = "asgiref"
version = "3.4.1"
description = "ASGI specs, helper code, and adapters"
category = "main"
optional = false
python-versions = ">=3.6"
files = [
    {file = "asgiref-3.4.1-py3-none-any.whl", hash = "sha256:ffc141aa908e6f175673e7b1b3b7af4fdb0ecb738fc5c8b88f69f055c2415214"},
    {file = "asgiref-3.4.1.tar.gz", hash = "sha256:4ef1ab46b484e3c706329cedeff284a5d40824200638503f5768edb6de7d58e9"},
]

[package.extras]
tests = ["mypy (>=0.800)", "pytest", "pytest-asyncio"]

[[package]]
name = "certifi"
version = "2022.12.7"
description = "Python package for providing Mozilla's CA Bundle."
category = "main"
optional = false
python-versions = ">=3.6"
files = [
    {file = "certifi-2022.12.7-py3-none-any.whl", hash = "sha256:4ad3232f5e926d6718ec31cfc1fcadfde020920e278684144551c91769c7bc18"},
    {file = "certifi-2022.12.7.tar.gz", hash = "sha256:35824b4c3a97115964b408844d64aa14db1cc518f6562e8d7261699d1350a9e3"},
]

[[package]]
name = "charset-normalizer"
version = "2.0.7"
description = "The Real First Universal Charset Detector. Open, modern and actively maintained alternative to Chardet."
category = "main"
optional = false
python-versions = ">=3.5.0"
files = [
    {file = "charset-normalizer-2.0.7.tar.gz", hash = "sha256:e019de665e2bcf9c2b64e2e5aa025fa991da8720daa3c1138cadd2fd1856aed0"},
    {file = "charset_normalizer-2.0.7-py3-none-any.whl", hash = "sha256:f7af805c321bfa1ce6714c51f254e0d5bb5e5834039bc17db7ebe3a4cec9492b"},
]

[package.extras]
unicode-backport = ["unicodedata2"]

[[package]]
name = "discord-webhook"
version = "0.14.0"
description = "execute discord webhooks"
category = "main"
optional = false
python-versions = "*"
files = [
    {file = "discord-webhook-0.14.0.tar.gz", hash = "sha256:f3d660df572caaa9c2621edd7e8634a70d6d8295ce9256c365838312457069a1"},
    {file = "discord_webhook-0.14.0-py3-none-any.whl", hash = "sha256:17e475d8a52fe0bfa26b071925f55087600e9bb96e821b611dc463f4b4998c89"},
]

[package.dependencies]
requests = ">=2.19.1"

[[package]]
name = "django"
version = "3.2.18"
description = "A high-level Python Web framework that encourages rapid development and clean, pragmatic design."
category = "main"
optional = false
python-versions = ">=3.6"
files = [
    {file = "Django-3.2.18-py3-none-any.whl", hash = "sha256:4d492d9024c7b3dfababf49f94511ab6a58e2c9c3c7207786f1ba4eb77750706"},
    {file = "Django-3.2.18.tar.gz", hash = "sha256:08208dfe892eb64fff073ca743b3b952311104f939e7f6dae954fe72dcc533ba"},
]

[package.dependencies]
asgiref = ">=3.3.2,<4"
pytz = "*"
sqlparse = ">=0.2.2"

[package.extras]
argon2 = ["argon2-cffi (>=19.1.0)"]
bcrypt = ["bcrypt"]

[[package]]
name = "django-admin-interface"
version = "0.17.3"
description = "django-admin-interface is a modern responsive flat admin interface customizable by the admin itself."
category = "main"
optional = false
python-versions = "*"
files = [
    {file = "django-admin-interface-0.17.3.tar.gz", hash = "sha256:c0af51643112b96db76710fd11e80249e1309c9223d7bf05fa91366d11576ab4"},
    {file = "django_admin_interface-0.17.3-py3-none-any.whl", hash = "sha256:2c7ab92546dc8a0cd6a2c4c05cbaf5282dd07bfb27fc70b18485284d6e748286"},
]

[package.dependencies]
django-colorfield = ">=0.2,<1.0"
django-flat-responsive = ">=1.0,<3.0"
django-flat-theme = ">=1.0,<2.0"
six = ">=1.9.0,<2.0.0"

[[package]]
name = "django-colorfield"
version = "0.4.5"
description = "simple color field for your models with a nice color-picker in the admin-interface."
category = "main"
optional = false
python-versions = "*"
files = [
    {file = "django-colorfield-0.4.5.tar.gz", hash = "sha256:66d7cb628d05c0eb09e25b0923e36bf6fbd3e339c568a199e66b34463119ca13"},
    {file = "django_colorfield-0.4.5-py3-none-any.whl", hash = "sha256:579128d008b2d15e4df64f102b1ad58432de1b6f1017221c316d630e5c62960a"},
]

[[package]]
name = "django-flat-responsive"
version = "2.0"
description = "An extension for Django admin that makes interface mobile friendly."
category = "main"
optional = false
python-versions = "*"
files = [
    {file = "django-flat-responsive-2.0.tar.gz", hash = "sha256:451caa2700c541b52fb7ce2d34d3d8dee9e980cf29f5463bc8a8c6256a1a6474"},
]

[[package]]
name = "django-flat-theme"
version = "1.1.4"
description = "A flat theme for Django admin interface. Modern, fresh, simple."
category = "main"
optional = false
python-versions = "*"
files = [
    {file = "django-flat-theme-1.1.4.tar.gz", hash = "sha256:6b522d8c2b5a8228b30947fb002eff2868da076e9beacf3e798410e5c1a2d849"},
]

[[package]]
name = "django-jazzmin"
version = "2.4.8"
description = "Drop-in theme for django admin, that utilises AdminLTE 3 & Bootstrap 4 to make yo' admin look jazzy"
category = "main"
optional = false
python-versions = ">=3.6"
files = [
    {file = "django-jazzmin-2.4.8.tar.gz", hash = "sha256:355b8ff5939555a7dbecaa364a54bbdbcc20f028605abedd6d9e2b6a4d1532b4"},
    {file = "django_jazzmin-2.4.8-py3-none-any.whl", hash = "sha256:577b6ef97a51167dac94b12f340a1233b0e5e124c37bce25a7821ba61c22e6b8"},
]

[package.dependencies]
django = ">=2.2"

[[package]]
name = "idna"
version = "3.3"
description = "Internationalized Domain Names in Applications (IDNA)"
category = "main"
optional = false
python-versions = ">=3.5"
files = [
    {file = "idna-3.3-py3-none-any.whl", hash = "sha256:84d9dd047ffa80596e0f246e2eab0b391788b0503584e8945f2368256d2735ff"},
    {file = "idna-3.3.tar.gz", hash = "sha256:9d643ff0a55b762d5cdb124b8eaa99c66322e2157b69160bc32796e824360e6d"},
]

[[package]]
name = "pytz"
version = "2021.3"
description = "World timezone definitions, modern and historical"
category = "main"
optional = false
python-versions = "*"
files = [
    {file = "pytz-2021.3-py2.py3-none-any.whl", hash = "sha256:3672058bc3453457b622aab7a1c3bfd5ab0bdae451512f6cf25f64ed37f5b87c"},
    {file = "pytz-2021.3.tar.gz", hash = "sha256:acad2d8b20a1af07d4e4c9d2e9285c5ed9104354062f275f3fcd88dcef4f1326"},
]

[[package]]
name = "requests"
version = "2.26.0"
description = "Python HTTP for Humans."
category = "main"
optional = false
python-versions = ">=2.7, !=3.0.*, !=3.1.*, !=3.2.*, !=3.3.*, !=3.4.*, !=3.5.*"
files = [
    {file = "requests-2.26.0-py2.py3-none-any.whl", hash = "sha256:6c1246513ecd5ecd4528a0906f910e8f0f9c6b8ec72030dc9fd154dc1a6efd24"},
    {file = "requests-2.26.0.tar.gz", hash = "sha256:b8aa58f8cf793ffd8782d3d8cb19e66ef36f7aba4353eec859e74678b01b07a7"},
]

[package.dependencies]
certifi = ">=2017.4.17"
charset-normalizer = {version = ">=2.0.0,<2.1.0", markers = "python_version >= \"3\""}
idna = {version = ">=2.5,<4", markers = "python_version >= \"3\""}
urllib3 = ">=1.21.1,<1.27"

[package.extras]
socks = ["PySocks (>=1.5.6,!=1.5.7)", "win-inet-pton"]
use-chardet-on-py3 = ["chardet (>=3.0.2,<5)"]

[[package]]
name = "six"
version = "1.16.0"
description = "Python 2 and 3 compatibility utilities"
category = "main"
optional = false
python-versions = ">=2.7, !=3.0.*, !=3.1.*, !=3.2.*"
files = [
    {file = "six-1.16.0-py2.py3-none-any.whl", hash = "sha256:8abb2f1d86890a2dfb989f9a77cfcfd3e47c2a354b01111771326f8aa26e0254"},
    {file = "six-1.16.0.tar.gz", hash = "sha256:1e61c37477a1626458e36f7b1d82aa5c9b094fa4802892072e49de9c60c4c926"},
]

[[package]]
name = "sqlparse"
version = "0.4.4"
description = "A non-validating SQL parser."
category = "main"
optional = false
python-versions = ">=3.5"
files = [
    {file = "sqlparse-0.4.4-py3-none-any.whl", hash = "sha256:5430a4fe2ac7d0f93e66f1efc6e1338a41884b7ddf2a350cedd20ccc4d9d28f3"},
    {file = "sqlparse-0.4.4.tar.gz", hash = "sha256:d446183e84b8349fa3061f0fe7f06ca94ba65b426946ffebe6e3e8295332420c"},
]

[package.extras]
dev = ["build", "flake8"]
doc = ["sphinx"]
test = ["pytest", "pytest-cov"]

[[package]]
name = "urllib3"
version = "1.26.7"
description = "HTTP library with thread-safe connection pooling, file post, and more."
category = "main"
optional = false
python-versions = ">=2.7, !=3.0.*, !=3.1.*, !=3.2.*, !=3.3.*, !=3.4.*, <4"
files = [
    {file = "urllib3-1.26.7-py2.py3-none-any.whl", hash = "sha256:c4fdf4019605b6e5423637e01bc9fe4daef873709a7973e195ceba0a62bbc844"},
    {file = "urllib3-1.26.7.tar.gz", hash = "sha256:4987c65554f7a2dbf30c18fd48778ef124af6fab771a377103da0585e2336ece"},
]

[package.extras]
brotli = ["brotlipy (>=0.6.0)"]
secure = ["certifi", "cryptography (>=1.3.4)", "idna (>=2.0.0)", "ipaddress", "pyOpenSSL (>=0.14)"]
socks = ["PySocks (>=1.5.6,!=1.5.7,<2.0)"]

[metadata]
lock-version = "2.0"
python-versions = "^3.8"
content-hash = "0eb7d97b280f9fc334d5bf43111add163397057373c73b3cb8c5e543d3ffa4cb"
